// !$*UTF8*$!
{
	archiveVersion = 1;
	classes = {
	};
	objectVersion = 46;
	objects = {

/* Begin PBXBuildFile section */
		13439B311A4DEFF400DECC9A /* Bolts.framework in Frameworks */ = {isa = PBXBuildFile; fileRef = 13439B2F1A4DEFF400DECC9A /* Bolts.framework */; };
		13439B321A4DEFF400DECC9A /* Parse.framework in Frameworks */ = {isa = PBXBuildFile; fileRef = 13439B301A4DEFF400DECC9A /* Parse.framework */; };
		13439B331A4DF30700DECC9A /* Parse.framework in Frameworks */ = {isa = PBXBuildFile; fileRef = 13439B301A4DEFF400DECC9A /* Parse.framework */; };
		13439B371A4E046900DECC9A /* homeViewController.m in Sources */ = {isa = PBXBuildFile; fileRef = 13439B361A4E046900DECC9A /* homeViewController.m */; };
		134622621A4DE52600D36682 /* UIKit.framework in Frameworks */ = {isa = PBXBuildFile; fileRef = 134622611A4DE52600D36682 /* UIKit.framework */; };
		134622671A4DE63300D36682 /* Accounts.framework in Frameworks */ = {isa = PBXBuildFile; fileRef = 134622661A4DE63300D36682 /* Accounts.framework */; };
		134622691A4DE64400D36682 /* libsqlite3.dylib in Frameworks */ = {isa = PBXBuildFile; fileRef = 134622681A4DE64400D36682 /* libsqlite3.dylib */; };
		1346226B1A4DE66F00D36682 /* AudioToolbox.framework in Frameworks */ = {isa = PBXBuildFile; fileRef = 1346226A1A4DE66F00D36682 /* AudioToolbox.framework */; };
		1346226D1A4DE6D700D36682 /* CFNetwork.framework in Frameworks */ = {isa = PBXBuildFile; fileRef = 1346226C1A4DE6D700D36682 /* CFNetwork.framework */; };
		134622711A4DE70500D36682 /* Foundation.framework in Frameworks */ = {isa = PBXBuildFile; fileRef = 134622701A4DE70500D36682 /* Foundation.framework */; };
		134622731A4DE71100D36682 /* MobileCoreServices.framework in Frameworks */ = {isa = PBXBuildFile; fileRef = 134622721A4DE71100D36682 /* MobileCoreServices.framework */; };
		134622751A4DE71A00D36682 /* SystemConfiguration.framework in Frameworks */ = {isa = PBXBuildFile; fileRef = 134622741A4DE71A00D36682 /* SystemConfiguration.framework */; };
		134622771A4DE72200D36682 /* Security.framework in Frameworks */ = {isa = PBXBuildFile; fileRef = 134622761A4DE72200D36682 /* Security.framework */; };
		134622791A4DE73A00D36682 /* QuartzCore.framework in Frameworks */ = {isa = PBXBuildFile; fileRef = 134622781A4DE73A00D36682 /* QuartzCore.framework */; };
		1346227B1A4DE74000D36682 /* Social.framework in Frameworks */ = {isa = PBXBuildFile; fileRef = 1346227A1A4DE74000D36682 /* Social.framework */; };
		13A90E2E1A4D41EF00CCCE1B /* main.m in Sources */ = {isa = PBXBuildFile; fileRef = 13A90E2D1A4D41EF00CCCE1B /* main.m */; };
		13A90E311A4D41EF00CCCE1B /* AppDelegate.m in Sources */ = {isa = PBXBuildFile; fileRef = 13A90E301A4D41EF00CCCE1B /* AppDelegate.m */; };
		13A90E341A4D41EF00CCCE1B /* LoginViewController.m in Sources */ = {isa = PBXBuildFile; fileRef = 13A90E331A4D41EF00CCCE1B /* LoginViewController.m */; };
		13A90E371A4D41EF00CCCE1B /* Main.storyboard in Resources */ = {isa = PBXBuildFile; fileRef = 13A90E351A4D41EF00CCCE1B /* Main.storyboard */; };
		13A90E391A4D41EF00CCCE1B /* Images.xcassets in Resources */ = {isa = PBXBuildFile; fileRef = 13A90E381A4D41EF00CCCE1B /* Images.xcassets */; };
		13A90E3C1A4D41EF00CCCE1B /* LaunchScreen.xib in Resources */ = {isa = PBXBuildFile; fileRef = 13A90E3A1A4D41EF00CCCE1B /* LaunchScreen.xib */; };
		13A90E481A4D41EF00CCCE1B /* MoorgooTests.m in Sources */ = {isa = PBXBuildFile; fileRef = 13A90E471A4D41EF00CCCE1B /* MoorgooTests.m */; };
		13A90E531A4DD0E300CCCE1B /* RegisterViewController.m in Sources */ = {isa = PBXBuildFile; fileRef = 13A90E521A4DD0E300CCCE1B /* RegisterViewController.m */; };
		423DA9FB1A6C23C000EAEE4C /* HCYoutubeParser.m in Sources */ = {isa = PBXBuildFile; fileRef = 423DA9FA1A6C23C000EAEE4C /* HCYoutubeParser.m */; };
		4250ADAE1A6B87A60090D348 /* VideoViewController.m in Sources */ = {isa = PBXBuildFile; fileRef = 4250ADAD1A6B87A60090D348 /* VideoViewController.m */; };
		4250ADB11A6B8AA10090D348 /* MediaPlayer.framework in Frameworks */ = {isa = PBXBuildFile; fileRef = 4250ADB01A6B8AA10090D348 /* MediaPlayer.framework */; };
		4259CE221A6E461300FA5B0A /* ChooseVideoViewController.m in Sources */ = {isa = PBXBuildFile; fileRef = 4259CE211A6E461300FA5B0A /* ChooseVideoViewController.m */; };
		426725ED1A75C75C00168A26 /* passwordResetViewController.m in Sources */ = {isa = PBXBuildFile; fileRef = 426725EC1A75C75C00168A26 /* passwordResetViewController.m */; };
		426B82221A5203EA009E30FE /* ApplyTutorViewController.m in Sources */ = {isa = PBXBuildFile; fileRef = 426B82211A5203EA009E30FE /* ApplyTutorViewController.m */; };
		42898D661A54C5A4006E2DBC /* StaticTutorViewController.m in Sources */ = {isa = PBXBuildFile; fileRef = 42898D651A54C5A4006E2DBC /* StaticTutorViewController.m */; };
		429245501A4F74C8000CA0B7 /* EntranceViewController.m in Sources */ = {isa = PBXBuildFile; fileRef = 4292454F1A4F74C8000CA0B7 /* EntranceViewController.m */; };
		4299EA711A56295E00DB15D1 /* PickClassViewController.m in Sources */ = {isa = PBXBuildFile; fileRef = 4299EA6C1A56295E00DB15D1 /* PickClassViewController.m */; };
		4299EA721A56295E00DB15D1 /* PickSchoolViewController.m in Sources */ = {isa = PBXBuildFile; fileRef = 4299EA6E1A56295E00DB15D1 /* PickSchoolViewController.m */; };
		4299EA731A56295E00DB15D1 /* PickTimeViewController.m in Sources */ = {isa = PBXBuildFile; fileRef = 4299EA701A56295E00DB15D1 /* PickTimeViewController.m */; };
		4299EA821A58AA6100DB15D1 /* PaymentViewController.m in Sources */ = {isa = PBXBuildFile; fileRef = 4299EA811A58AA6100DB15D1 /* PaymentViewController.m */; };
		4299EAC31A58C3D700DB15D1 /* STPCheckoutView.m in Sources */ = {isa = PBXBuildFile; fileRef = 4299EA8A1A58C3D700DB15D1 /* STPCheckoutView.m */; };
		4299EAE41A58C3D700DB15D1 /* MBProgressHUD.m in Sources */ = {isa = PBXBuildFile; fileRef = 4299EAC21A58C3D700DB15D1 /* MBProgressHUD.m */; };
		4299EAF51A58CA5500DB15D1 /* STPAPIConnection.m in Sources */ = {isa = PBXBuildFile; fileRef = 4299EAE71A58CA5500DB15D1 /* STPAPIConnection.m */; };
		4299EAF61A58CA5500DB15D1 /* STPBankAccount.m in Sources */ = {isa = PBXBuildFile; fileRef = 4299EAE91A58CA5500DB15D1 /* STPBankAccount.m */; };
		4299EAF71A58CA5500DB15D1 /* STPCard.m in Sources */ = {isa = PBXBuildFile; fileRef = 4299EAEB1A58CA5500DB15D1 /* STPCard.m */; };
		4299EAF81A58CA5500DB15D1 /* STPToken.m in Sources */ = {isa = PBXBuildFile; fileRef = 4299EAEE1A58CA5500DB15D1 /* STPToken.m */; };
		4299EAF91A58CA5500DB15D1 /* STPUtils.m in Sources */ = {isa = PBXBuildFile; fileRef = 4299EAF01A58CA5500DB15D1 /* STPUtils.m */; };
		4299EAFA1A58CA5500DB15D1 /* Stripe.m in Sources */ = {isa = PBXBuildFile; fileRef = 4299EAF21A58CA5500DB15D1 /* Stripe.m */; };
		4299EAFB1A58CA5500DB15D1 /* StripeError.m in Sources */ = {isa = PBXBuildFile; fileRef = 4299EAF41A58CA5500DB15D1 /* StripeError.m */; };
		4299EB101A58CAFA00DB15D1 /* PTKAddressZip.m in Sources */ = {isa = PBXBuildFile; fileRef = 4299EAFE1A58CAFA00DB15D1 /* PTKAddressZip.m */; };
		4299EB111A58CAFA00DB15D1 /* PTKCard.m in Sources */ = {isa = PBXBuildFile; fileRef = 4299EB001A58CAFA00DB15D1 /* PTKCard.m */; };
		4299EB121A58CAFA00DB15D1 /* PTKCardCVC.m in Sources */ = {isa = PBXBuildFile; fileRef = 4299EB021A58CAFA00DB15D1 /* PTKCardCVC.m */; };
		4299EB131A58CAFA00DB15D1 /* PTKCardExpiry.m in Sources */ = {isa = PBXBuildFile; fileRef = 4299EB041A58CAFA00DB15D1 /* PTKCardExpiry.m */; };
		4299EB141A58CAFA00DB15D1 /* PTKCardNumber.m in Sources */ = {isa = PBXBuildFile; fileRef = 4299EB061A58CAFA00DB15D1 /* PTKCardNumber.m */; };
		4299EB151A58CAFA00DB15D1 /* PTKComponent.m in Sources */ = {isa = PBXBuildFile; fileRef = 4299EB091A58CAFA00DB15D1 /* PTKComponent.m */; };
		4299EB161A58CAFA00DB15D1 /* PTKTextField.m in Sources */ = {isa = PBXBuildFile; fileRef = 4299EB0B1A58CAFA00DB15D1 /* PTKTextField.m */; };
		4299EB171A58CAFA00DB15D1 /* PTKUSAddressZip.m in Sources */ = {isa = PBXBuildFile; fileRef = 4299EB0D1A58CAFA00DB15D1 /* PTKUSAddressZip.m */; };
		4299EB181A58CAFA00DB15D1 /* PTKView.m in Sources */ = {isa = PBXBuildFile; fileRef = 4299EB0F1A58CAFA00DB15D1 /* PTKView.m */; };
		4299EB1B1A58EB9100DB15D1 /* creditCardBg.png in Resources */ = {isa = PBXBuildFile; fileRef = 4299EB191A58EB9100DB15D1 /* creditCardBg.png */; };
		4299EB1C1A58EB9100DB15D1 /* creditCardBg@2x.png in Resources */ = {isa = PBXBuildFile; fileRef = 4299EB1A1A58EB9100DB15D1 /* creditCardBg@2x.png */; };
		4299EB341A58ECE800DB15D1 /* amex.png in Resources */ = {isa = PBXBuildFile; fileRef = 4299EB1F1A58ECE800DB15D1 /* amex.png */; };
		4299EB351A58ECE800DB15D1 /* amex@2x.png in Resources */ = {isa = PBXBuildFile; fileRef = 4299EB201A58ECE800DB15D1 /* amex@2x.png */; };
		4299EB361A58ECE800DB15D1 /* cvc-amex.png in Resources */ = {isa = PBXBuildFile; fileRef = 4299EB211A58ECE800DB15D1 /* cvc-amex.png */; };
		4299EB371A58ECE800DB15D1 /* cvc-amex@2x.png in Resources */ = {isa = PBXBuildFile; fileRef = 4299EB221A58ECE800DB15D1 /* cvc-amex@2x.png */; };
		4299EB381A58ECE800DB15D1 /* cvc.png in Resources */ = {isa = PBXBuildFile; fileRef = 4299EB231A58ECE800DB15D1 /* cvc.png */; };
		4299EB391A58ECE800DB15D1 /* cvc@2x.png in Resources */ = {isa = PBXBuildFile; fileRef = 4299EB241A58ECE800DB15D1 /* cvc@2x.png */; };
		4299EB3A1A58ECE800DB15D1 /* diners.png in Resources */ = {isa = PBXBuildFile; fileRef = 4299EB251A58ECE800DB15D1 /* diners.png */; };
		4299EB3B1A58ECE800DB15D1 /* diners@2x.png in Resources */ = {isa = PBXBuildFile; fileRef = 4299EB261A58ECE800DB15D1 /* diners@2x.png */; };
		4299EB3C1A58ECE800DB15D1 /* discover.png in Resources */ = {isa = PBXBuildFile; fileRef = 4299EB271A58ECE800DB15D1 /* discover.png */; };
		4299EB3D1A58ECE800DB15D1 /* discover@2x.png in Resources */ = {isa = PBXBuildFile; fileRef = 4299EB281A58ECE800DB15D1 /* discover@2x.png */; };
		4299EB3E1A58ECE800DB15D1 /* jcb.png in Resources */ = {isa = PBXBuildFile; fileRef = 4299EB291A58ECE800DB15D1 /* jcb.png */; };
		4299EB3F1A58ECE800DB15D1 /* jcb@2x.png in Resources */ = {isa = PBXBuildFile; fileRef = 4299EB2A1A58ECE800DB15D1 /* jcb@2x.png */; };
		4299EB401A58ECE800DB15D1 /* mastercard.png in Resources */ = {isa = PBXBuildFile; fileRef = 4299EB2B1A58ECE800DB15D1 /* mastercard.png */; };
		4299EB411A58ECE800DB15D1 /* mastercard@2x.png in Resources */ = {isa = PBXBuildFile; fileRef = 4299EB2C1A58ECE800DB15D1 /* mastercard@2x.png */; };
		4299EB421A58ECE800DB15D1 /* placeholder.png in Resources */ = {isa = PBXBuildFile; fileRef = 4299EB2D1A58ECE800DB15D1 /* placeholder.png */; };
		4299EB431A58ECE800DB15D1 /* placeholder@2x.png in Resources */ = {isa = PBXBuildFile; fileRef = 4299EB2E1A58ECE800DB15D1 /* placeholder@2x.png */; };
		4299EB441A58ECE800DB15D1 /* visa.png in Resources */ = {isa = PBXBuildFile; fileRef = 4299EB2F1A58ECE800DB15D1 /* visa.png */; };
		4299EB451A58ECE800DB15D1 /* visa@2x.png in Resources */ = {isa = PBXBuildFile; fileRef = 4299EB301A58ECE800DB15D1 /* visa@2x.png */; };
		4299EB461A58ECE800DB15D1 /* gradient@2x.png in Resources */ = {isa = PBXBuildFile; fileRef = 4299EB311A58ECE800DB15D1 /* gradient@2x.png */; };
		4299EB471A58ECE800DB15D1 /* textfield.png in Resources */ = {isa = PBXBuildFile; fileRef = 4299EB321A58ECE800DB15D1 /* textfield.png */; };
		4299EB481A58ECE800DB15D1 /* textfield@2x.png in Resources */ = {isa = PBXBuildFile; fileRef = 4299EB331A58ECE800DB15D1 /* textfield@2x.png */; };
		4299EB4B1A58F04D00DB15D1 /* FinishViewController.m in Sources */ = {isa = PBXBuildFile; fileRef = 4299EB4A1A58F04D00DB15D1 /* FinishViewController.m */; };
		4299EB4D1A58F36000DB15D1 /* iconConfirmation.png in Resources */ = {isa = PBXBuildFile; fileRef = 4299EB4C1A58F36000DB15D1 /* iconConfirmation.png */; };
		429CB2E91A72DF24009E37CB /* AccountSettingViewController.m in Sources */ = {isa = PBXBuildFile; fileRef = 429CB2E81A72DF24009E37CB /* AccountSettingViewController.m */; };
		42CF7B401A85E5C80083DC63 /* PaymentHistoryViewController.m in Sources */ = {isa = PBXBuildFile; fileRef = 42CF7B3F1A85E5C80083DC63 /* PaymentHistoryViewController.m */; };
/* End PBXBuildFile section */

/* Begin PBXContainerItemProxy section */
		13A90E421A4D41EF00CCCE1B /* PBXContainerItemProxy */ = {
			isa = PBXContainerItemProxy;
			containerPortal = 13A90E201A4D41EF00CCCE1B /* Project object */;
			proxyType = 1;
			remoteGlobalIDString = 13A90E271A4D41EF00CCCE1B;
			remoteInfo = Moorgoo;
		};
/* End PBXContainerItemProxy section */

/* Begin PBXFileReference section */
		13439B2E1A4DED7400DECC9A /* PrefixHeader.pch */ = {isa = PBXFileReference; lastKnownFileType = sourcecode.c.h; path = PrefixHeader.pch; sourceTree = "<group>"; };
		13439B2F1A4DEFF400DECC9A /* Bolts.framework */ = {isa = PBXFileReference; lastKnownFileType = wrapper.framework; path = Bolts.framework; sourceTree = "<group>"; };
		13439B301A4DEFF400DECC9A /* Parse.framework */ = {isa = PBXFileReference; lastKnownFileType = wrapper.framework; path = Parse.framework; sourceTree = "<group>"; };
		13439B351A4E046900DECC9A /* homeViewController.h */ = {isa = PBXFileReference; fileEncoding = 4; lastKnownFileType = sourcecode.c.h; path = homeViewController.h; sourceTree = "<group>"; };
		13439B361A4E046900DECC9A /* homeViewController.m */ = {isa = PBXFileReference; fileEncoding = 4; lastKnownFileType = sourcecode.c.objc; path = homeViewController.m; sourceTree = "<group>"; };
		134622611A4DE52600D36682 /* UIKit.framework */ = {isa = PBXFileReference; lastKnownFileType = wrapper.framework; name = UIKit.framework; path = System/Library/Frameworks/UIKit.framework; sourceTree = SDKROOT; };
		134622661A4DE63300D36682 /* Accounts.framework */ = {isa = PBXFileReference; lastKnownFileType = wrapper.framework; name = Accounts.framework; path = System/Library/Frameworks/Accounts.framework; sourceTree = SDKROOT; };
		134622681A4DE64400D36682 /* libsqlite3.dylib */ = {isa = PBXFileReference; lastKnownFileType = "compiled.mach-o.dylib"; name = libsqlite3.dylib; path = usr/lib/libsqlite3.dylib; sourceTree = SDKROOT; };
		1346226A1A4DE66F00D36682 /* AudioToolbox.framework */ = {isa = PBXFileReference; lastKnownFileType = wrapper.framework; name = AudioToolbox.framework; path = System/Library/Frameworks/AudioToolbox.framework; sourceTree = SDKROOT; };
		1346226C1A4DE6D700D36682 /* CFNetwork.framework */ = {isa = PBXFileReference; lastKnownFileType = wrapper.framework; name = CFNetwork.framework; path = System/Library/Frameworks/CFNetwork.framework; sourceTree = SDKROOT; };
		1346226E1A4DE6F700D36682 /* AdSupport.framework */ = {isa = PBXFileReference; lastKnownFileType = wrapper.framework; name = AdSupport.framework; path = System/Library/Frameworks/AdSupport.framework; sourceTree = SDKROOT; };
		134622701A4DE70500D36682 /* Foundation.framework */ = {isa = PBXFileReference; lastKnownFileType = wrapper.framework; name = Foundation.framework; path = System/Library/Frameworks/Foundation.framework; sourceTree = SDKROOT; };
		134622721A4DE71100D36682 /* MobileCoreServices.framework */ = {isa = PBXFileReference; lastKnownFileType = wrapper.framework; name = MobileCoreServices.framework; path = System/Library/Frameworks/MobileCoreServices.framework; sourceTree = SDKROOT; };
		134622741A4DE71A00D36682 /* SystemConfiguration.framework */ = {isa = PBXFileReference; lastKnownFileType = wrapper.framework; name = SystemConfiguration.framework; path = System/Library/Frameworks/SystemConfiguration.framework; sourceTree = SDKROOT; };
		134622761A4DE72200D36682 /* Security.framework */ = {isa = PBXFileReference; lastKnownFileType = wrapper.framework; name = Security.framework; path = System/Library/Frameworks/Security.framework; sourceTree = SDKROOT; };
		134622781A4DE73A00D36682 /* QuartzCore.framework */ = {isa = PBXFileReference; lastKnownFileType = wrapper.framework; name = QuartzCore.framework; path = System/Library/Frameworks/QuartzCore.framework; sourceTree = SDKROOT; };
		1346227A1A4DE74000D36682 /* Social.framework */ = {isa = PBXFileReference; lastKnownFileType = wrapper.framework; name = Social.framework; path = System/Library/Frameworks/Social.framework; sourceTree = SDKROOT; };
		13A90E281A4D41EF00CCCE1B /* Moorgoo.app */ = {isa = PBXFileReference; explicitFileType = wrapper.application; includeInIndex = 0; path = Moorgoo.app; sourceTree = BUILT_PRODUCTS_DIR; };
		13A90E2C1A4D41EF00CCCE1B /* Info.plist */ = {isa = PBXFileReference; lastKnownFileType = text.plist.xml; path = Info.plist; sourceTree = "<group>"; };
		13A90E2D1A4D41EF00CCCE1B /* main.m */ = {isa = PBXFileReference; lastKnownFileType = sourcecode.c.objc; path = main.m; sourceTree = "<group>"; };
		13A90E2F1A4D41EF00CCCE1B /* AppDelegate.h */ = {isa = PBXFileReference; lastKnownFileType = sourcecode.c.h; path = AppDelegate.h; sourceTree = "<group>"; };
		13A90E301A4D41EF00CCCE1B /* AppDelegate.m */ = {isa = PBXFileReference; lastKnownFileType = sourcecode.c.objc; path = AppDelegate.m; sourceTree = "<group>"; };
		13A90E321A4D41EF00CCCE1B /* LoginViewController.h */ = {isa = PBXFileReference; lastKnownFileType = sourcecode.c.h; path = LoginViewController.h; sourceTree = "<group>"; };
		13A90E331A4D41EF00CCCE1B /* LoginViewController.m */ = {isa = PBXFileReference; lastKnownFileType = sourcecode.c.objc; path = LoginViewController.m; sourceTree = "<group>"; };
		13A90E361A4D41EF00CCCE1B /* Base */ = {isa = PBXFileReference; lastKnownFileType = file.storyboard; name = Base; path = Base.lproj/Main.storyboard; sourceTree = "<group>"; };
		13A90E381A4D41EF00CCCE1B /* Images.xcassets */ = {isa = PBXFileReference; lastKnownFileType = folder.assetcatalog; path = Images.xcassets; sourceTree = "<group>"; };
		13A90E3B1A4D41EF00CCCE1B /* Base */ = {isa = PBXFileReference; lastKnownFileType = file.xib; name = Base; path = Base.lproj/LaunchScreen.xib; sourceTree = "<group>"; };
		13A90E411A4D41EF00CCCE1B /* MoorgooTests.xctest */ = {isa = PBXFileReference; explicitFileType = wrapper.cfbundle; includeInIndex = 0; path = MoorgooTests.xctest; sourceTree = BUILT_PRODUCTS_DIR; };
		13A90E461A4D41EF00CCCE1B /* Info.plist */ = {isa = PBXFileReference; lastKnownFileType = text.plist.xml; path = Info.plist; sourceTree = "<group>"; };
		13A90E471A4D41EF00CCCE1B /* MoorgooTests.m */ = {isa = PBXFileReference; lastKnownFileType = sourcecode.c.objc; path = MoorgooTests.m; sourceTree = "<group>"; };
		13A90E511A4DD0E300CCCE1B /* RegisterViewController.h */ = {isa = PBXFileReference; fileEncoding = 4; lastKnownFileType = sourcecode.c.h; path = RegisterViewController.h; sourceTree = "<group>"; };
		13A90E521A4DD0E300CCCE1B /* RegisterViewController.m */ = {isa = PBXFileReference; fileEncoding = 4; lastKnownFileType = sourcecode.c.objc; path = RegisterViewController.m; sourceTree = "<group>"; };
		423DA9F91A6C23C000EAEE4C /* HCYoutubeParser.h */ = {isa = PBXFileReference; fileEncoding = 4; lastKnownFileType = sourcecode.c.h; path = HCYoutubeParser.h; sourceTree = "<group>"; };
		423DA9FA1A6C23C000EAEE4C /* HCYoutubeParser.m */ = {isa = PBXFileReference; fileEncoding = 4; lastKnownFileType = sourcecode.c.objc; path = HCYoutubeParser.m; sourceTree = "<group>"; };
		4250ADAC1A6B87A60090D348 /* VideoViewController.h */ = {isa = PBXFileReference; fileEncoding = 4; lastKnownFileType = sourcecode.c.h; path = VideoViewController.h; sourceTree = "<group>"; };
		4250ADAD1A6B87A60090D348 /* VideoViewController.m */ = {isa = PBXFileReference; fileEncoding = 4; lastKnownFileType = sourcecode.c.objc; path = VideoViewController.m; sourceTree = "<group>"; };
		4250ADB01A6B8AA10090D348 /* MediaPlayer.framework */ = {isa = PBXFileReference; lastKnownFileType = wrapper.framework; name = MediaPlayer.framework; path = System/Library/Frameworks/MediaPlayer.framework; sourceTree = SDKROOT; };
		4259CE201A6E461300FA5B0A /* ChooseVideoViewController.h */ = {isa = PBXFileReference; fileEncoding = 4; lastKnownFileType = sourcecode.c.h; path = ChooseVideoViewController.h; sourceTree = "<group>"; };
		4259CE211A6E461300FA5B0A /* ChooseVideoViewController.m */ = {isa = PBXFileReference; fileEncoding = 4; lastKnownFileType = sourcecode.c.objc; path = ChooseVideoViewController.m; sourceTree = "<group>"; };
		426725EB1A75C75C00168A26 /* passwordResetViewController.h */ = {isa = PBXFileReference; fileEncoding = 4; lastKnownFileType = sourcecode.c.h; path = passwordResetViewController.h; sourceTree = "<group>"; };
		426725EC1A75C75C00168A26 /* passwordResetViewController.m */ = {isa = PBXFileReference; fileEncoding = 4; lastKnownFileType = sourcecode.c.objc; path = passwordResetViewController.m; sourceTree = "<group>"; };
		426B82201A5203EA009E30FE /* ApplyTutorViewController.h */ = {isa = PBXFileReference; fileEncoding = 4; lastKnownFileType = sourcecode.c.h; path = ApplyTutorViewController.h; sourceTree = "<group>"; };
		426B82211A5203EA009E30FE /* ApplyTutorViewController.m */ = {isa = PBXFileReference; fileEncoding = 4; lastKnownFileType = sourcecode.c.objc; path = ApplyTutorViewController.m; sourceTree = "<group>"; };
		42898D641A54C5A4006E2DBC /* StaticTutorViewController.h */ = {isa = PBXFileReference; fileEncoding = 4; lastKnownFileType = sourcecode.c.h; path = StaticTutorViewController.h; sourceTree = "<group>"; };
		42898D651A54C5A4006E2DBC /* StaticTutorViewController.m */ = {isa = PBXFileReference; fileEncoding = 4; lastKnownFileType = sourcecode.c.objc; path = StaticTutorViewController.m; sourceTree = "<group>"; };
		4292454E1A4F74C8000CA0B7 /* EntranceViewController.h */ = {isa = PBXFileReference; fileEncoding = 4; lastKnownFileType = sourcecode.c.h; path = EntranceViewController.h; sourceTree = "<group>"; };
		4292454F1A4F74C8000CA0B7 /* EntranceViewController.m */ = {isa = PBXFileReference; fileEncoding = 4; lastKnownFileType = sourcecode.c.objc; path = EntranceViewController.m; sourceTree = "<group>"; };
		4299EA6B1A56295E00DB15D1 /* PickClassViewController.h */ = {isa = PBXFileReference; fileEncoding = 4; lastKnownFileType = sourcecode.c.h; path = PickClassViewController.h; sourceTree = "<group>"; };
		4299EA6C1A56295E00DB15D1 /* PickClassViewController.m */ = {isa = PBXFileReference; fileEncoding = 4; lastKnownFileType = sourcecode.c.objc; path = PickClassViewController.m; sourceTree = "<group>"; };
		4299EA6D1A56295E00DB15D1 /* PickSchoolViewController.h */ = {isa = PBXFileReference; fileEncoding = 4; lastKnownFileType = sourcecode.c.h; path = PickSchoolViewController.h; sourceTree = "<group>"; };
		4299EA6E1A56295E00DB15D1 /* PickSchoolViewController.m */ = {isa = PBXFileReference; fileEncoding = 4; lastKnownFileType = sourcecode.c.objc; path = PickSchoolViewController.m; sourceTree = "<group>"; };
		4299EA6F1A56295E00DB15D1 /* PickTimeViewController.h */ = {isa = PBXFileReference; fileEncoding = 4; lastKnownFileType = sourcecode.c.h; path = PickTimeViewController.h; sourceTree = "<group>"; };
		4299EA701A56295E00DB15D1 /* PickTimeViewController.m */ = {isa = PBXFileReference; fileEncoding = 4; lastKnownFileType = sourcecode.c.objc; path = PickTimeViewController.m; sourceTree = "<group>"; };
		4299EA801A58AA6100DB15D1 /* PaymentViewController.h */ = {isa = PBXFileReference; fileEncoding = 4; lastKnownFileType = sourcecode.c.h; path = PaymentViewController.h; sourceTree = "<group>"; };
		4299EA811A58AA6100DB15D1 /* PaymentViewController.m */ = {isa = PBXFileReference; fileEncoding = 4; lastKnownFileType = sourcecode.c.objc; path = PaymentViewController.m; sourceTree = "<group>"; };
		4299EA891A58C3D700DB15D1 /* STPCheckoutView.h */ = {isa = PBXFileReference; fileEncoding = 4; lastKnownFileType = sourcecode.c.h; path = STPCheckoutView.h; sourceTree = "<group>"; };
		4299EA8A1A58C3D700DB15D1 /* STPCheckoutView.m */ = {isa = PBXFileReference; fileEncoding = 4; lastKnownFileType = sourcecode.c.objc; path = STPCheckoutView.m; sourceTree = "<group>"; };
		4299EAC11A58C3D700DB15D1 /* MBProgressHUD.h */ = {isa = PBXFileReference; fileEncoding = 4; lastKnownFileType = sourcecode.c.h; path = MBProgressHUD.h; sourceTree = "<group>"; };
		4299EAC21A58C3D700DB15D1 /* MBProgressHUD.m */ = {isa = PBXFileReference; fileEncoding = 4; lastKnownFileType = sourcecode.c.objc; path = MBProgressHUD.m; sourceTree = "<group>"; };
		4299EAE61A58CA5500DB15D1 /* STPAPIConnection.h */ = {isa = PBXFileReference; fileEncoding = 4; lastKnownFileType = sourcecode.c.h; path = STPAPIConnection.h; sourceTree = "<group>"; };
		4299EAE71A58CA5500DB15D1 /* STPAPIConnection.m */ = {isa = PBXFileReference; fileEncoding = 4; lastKnownFileType = sourcecode.c.objc; path = STPAPIConnection.m; sourceTree = "<group>"; };
		4299EAE81A58CA5500DB15D1 /* STPBankAccount.h */ = {isa = PBXFileReference; fileEncoding = 4; lastKnownFileType = sourcecode.c.h; path = STPBankAccount.h; sourceTree = "<group>"; };
		4299EAE91A58CA5500DB15D1 /* STPBankAccount.m */ = {isa = PBXFileReference; fileEncoding = 4; lastKnownFileType = sourcecode.c.objc; path = STPBankAccount.m; sourceTree = "<group>"; };
		4299EAEA1A58CA5500DB15D1 /* STPCard.h */ = {isa = PBXFileReference; fileEncoding = 4; lastKnownFileType = sourcecode.c.h; path = STPCard.h; sourceTree = "<group>"; };
		4299EAEB1A58CA5500DB15D1 /* STPCard.m */ = {isa = PBXFileReference; fileEncoding = 4; lastKnownFileType = sourcecode.c.objc; path = STPCard.m; sourceTree = "<group>"; };
		4299EAEC1A58CA5500DB15D1 /* STPFormEncodeProtocol.h */ = {isa = PBXFileReference; fileEncoding = 4; lastKnownFileType = sourcecode.c.h; path = STPFormEncodeProtocol.h; sourceTree = "<group>"; };
		4299EAED1A58CA5500DB15D1 /* STPToken.h */ = {isa = PBXFileReference; fileEncoding = 4; lastKnownFileType = sourcecode.c.h; path = STPToken.h; sourceTree = "<group>"; };
		4299EAEE1A58CA5500DB15D1 /* STPToken.m */ = {isa = PBXFileReference; fileEncoding = 4; lastKnownFileType = sourcecode.c.objc; path = STPToken.m; sourceTree = "<group>"; };
		4299EAEF1A58CA5500DB15D1 /* STPUtils.h */ = {isa = PBXFileReference; fileEncoding = 4; lastKnownFileType = sourcecode.c.h; path = STPUtils.h; sourceTree = "<group>"; };
		4299EAF01A58CA5500DB15D1 /* STPUtils.m */ = {isa = PBXFileReference; fileEncoding = 4; lastKnownFileType = sourcecode.c.objc; path = STPUtils.m; sourceTree = "<group>"; };
		4299EAF11A58CA5500DB15D1 /* Stripe.h */ = {isa = PBXFileReference; fileEncoding = 4; lastKnownFileType = sourcecode.c.h; path = Stripe.h; sourceTree = "<group>"; };
		4299EAF21A58CA5500DB15D1 /* Stripe.m */ = {isa = PBXFileReference; fileEncoding = 4; lastKnownFileType = sourcecode.c.objc; path = Stripe.m; sourceTree = "<group>"; };
		4299EAF31A58CA5500DB15D1 /* StripeError.h */ = {isa = PBXFileReference; fileEncoding = 4; lastKnownFileType = sourcecode.c.h; path = StripeError.h; sourceTree = "<group>"; };
		4299EAF41A58CA5500DB15D1 /* StripeError.m */ = {isa = PBXFileReference; fileEncoding = 4; lastKnownFileType = sourcecode.c.objc; path = StripeError.m; sourceTree = "<group>"; };
		4299EAFD1A58CAFA00DB15D1 /* PTKAddressZip.h */ = {isa = PBXFileReference; fileEncoding = 4; lastKnownFileType = sourcecode.c.h; path = PTKAddressZip.h; sourceTree = "<group>"; };
		4299EAFE1A58CAFA00DB15D1 /* PTKAddressZip.m */ = {isa = PBXFileReference; fileEncoding = 4; lastKnownFileType = sourcecode.c.objc; path = PTKAddressZip.m; sourceTree = "<group>"; };
		4299EAFF1A58CAFA00DB15D1 /* PTKCard.h */ = {isa = PBXFileReference; fileEncoding = 4; lastKnownFileType = sourcecode.c.h; path = PTKCard.h; sourceTree = "<group>"; };
		4299EB001A58CAFA00DB15D1 /* PTKCard.m */ = {isa = PBXFileReference; fileEncoding = 4; lastKnownFileType = sourcecode.c.objc; path = PTKCard.m; sourceTree = "<group>"; };
		4299EB011A58CAFA00DB15D1 /* PTKCardCVC.h */ = {isa = PBXFileReference; fileEncoding = 4; lastKnownFileType = sourcecode.c.h; path = PTKCardCVC.h; sourceTree = "<group>"; };
		4299EB021A58CAFA00DB15D1 /* PTKCardCVC.m */ = {isa = PBXFileReference; fileEncoding = 4; lastKnownFileType = sourcecode.c.objc; path = PTKCardCVC.m; sourceTree = "<group>"; };
		4299EB031A58CAFA00DB15D1 /* PTKCardExpiry.h */ = {isa = PBXFileReference; fileEncoding = 4; lastKnownFileType = sourcecode.c.h; path = PTKCardExpiry.h; sourceTree = "<group>"; };
		4299EB041A58CAFA00DB15D1 /* PTKCardExpiry.m */ = {isa = PBXFileReference; fileEncoding = 4; lastKnownFileType = sourcecode.c.objc; path = PTKCardExpiry.m; sourceTree = "<group>"; };
		4299EB051A58CAFA00DB15D1 /* PTKCardNumber.h */ = {isa = PBXFileReference; fileEncoding = 4; lastKnownFileType = sourcecode.c.h; path = PTKCardNumber.h; sourceTree = "<group>"; };
		4299EB061A58CAFA00DB15D1 /* PTKCardNumber.m */ = {isa = PBXFileReference; fileEncoding = 4; lastKnownFileType = sourcecode.c.objc; path = PTKCardNumber.m; sourceTree = "<group>"; };
		4299EB071A58CAFA00DB15D1 /* PTKCardType.h */ = {isa = PBXFileReference; fileEncoding = 4; lastKnownFileType = sourcecode.c.h; path = PTKCardType.h; sourceTree = "<group>"; };
		4299EB081A58CAFA00DB15D1 /* PTKComponent.h */ = {isa = PBXFileReference; fileEncoding = 4; lastKnownFileType = sourcecode.c.h; path = PTKComponent.h; sourceTree = "<group>"; };
		4299EB091A58CAFA00DB15D1 /* PTKComponent.m */ = {isa = PBXFileReference; fileEncoding = 4; lastKnownFileType = sourcecode.c.objc; path = PTKComponent.m; sourceTree = "<group>"; };
		4299EB0A1A58CAFA00DB15D1 /* PTKTextField.h */ = {isa = PBXFileReference; fileEncoding = 4; lastKnownFileType = sourcecode.c.h; path = PTKTextField.h; sourceTree = "<group>"; };
		4299EB0B1A58CAFA00DB15D1 /* PTKTextField.m */ = {isa = PBXFileReference; fileEncoding = 4; lastKnownFileType = sourcecode.c.objc; path = PTKTextField.m; sourceTree = "<group>"; };
		4299EB0C1A58CAFA00DB15D1 /* PTKUSAddressZip.h */ = {isa = PBXFileReference; fileEncoding = 4; lastKnownFileType = sourcecode.c.h; path = PTKUSAddressZip.h; sourceTree = "<group>"; };
		4299EB0D1A58CAFA00DB15D1 /* PTKUSAddressZip.m */ = {isa = PBXFileReference; fileEncoding = 4; lastKnownFileType = sourcecode.c.objc; path = PTKUSAddressZip.m; sourceTree = "<group>"; };
		4299EB0E1A58CAFA00DB15D1 /* PTKView.h */ = {isa = PBXFileReference; fileEncoding = 4; lastKnownFileType = sourcecode.c.h; path = PTKView.h; sourceTree = "<group>"; };
		4299EB0F1A58CAFA00DB15D1 /* PTKView.m */ = {isa = PBXFileReference; fileEncoding = 4; lastKnownFileType = sourcecode.c.objc; path = PTKView.m; sourceTree = "<group>"; };
		4299EB191A58EB9100DB15D1 /* creditCardBg.png */ = {isa = PBXFileReference; lastKnownFileType = image.png; path = creditCardBg.png; sourceTree = "<group>"; };
		4299EB1A1A58EB9100DB15D1 /* creditCardBg@2x.png */ = {isa = PBXFileReference; lastKnownFileType = image.png; path = "creditCardBg@2x.png"; sourceTree = "<group>"; };
		4299EB1F1A58ECE800DB15D1 /* amex.png */ = {isa = PBXFileReference; lastKnownFileType = image.png; path = amex.png; sourceTree = "<group>"; };
		4299EB201A58ECE800DB15D1 /* amex@2x.png */ = {isa = PBXFileReference; lastKnownFileType = image.png; path = "amex@2x.png"; sourceTree = "<group>"; };
		4299EB211A58ECE800DB15D1 /* cvc-amex.png */ = {isa = PBXFileReference; lastKnownFileType = image.png; path = "cvc-amex.png"; sourceTree = "<group>"; };
		4299EB221A58ECE800DB15D1 /* cvc-amex@2x.png */ = {isa = PBXFileReference; lastKnownFileType = image.png; path = "cvc-amex@2x.png"; sourceTree = "<group>"; };
		4299EB231A58ECE800DB15D1 /* cvc.png */ = {isa = PBXFileReference; lastKnownFileType = image.png; path = cvc.png; sourceTree = "<group>"; };
		4299EB241A58ECE800DB15D1 /* cvc@2x.png */ = {isa = PBXFileReference; lastKnownFileType = image.png; path = "cvc@2x.png"; sourceTree = "<group>"; };
		4299EB251A58ECE800DB15D1 /* diners.png */ = {isa = PBXFileReference; lastKnownFileType = image.png; path = diners.png; sourceTree = "<group>"; };
		4299EB261A58ECE800DB15D1 /* diners@2x.png */ = {isa = PBXFileReference; lastKnownFileType = image.png; path = "diners@2x.png"; sourceTree = "<group>"; };
		4299EB271A58ECE800DB15D1 /* discover.png */ = {isa = PBXFileReference; lastKnownFileType = image.png; path = discover.png; sourceTree = "<group>"; };
		4299EB281A58ECE800DB15D1 /* discover@2x.png */ = {isa = PBXFileReference; lastKnownFileType = image.png; path = "discover@2x.png"; sourceTree = "<group>"; };
		4299EB291A58ECE800DB15D1 /* jcb.png */ = {isa = PBXFileReference; lastKnownFileType = image.png; path = jcb.png; sourceTree = "<group>"; };
		4299EB2A1A58ECE800DB15D1 /* jcb@2x.png */ = {isa = PBXFileReference; lastKnownFileType = image.png; path = "jcb@2x.png"; sourceTree = "<group>"; };
		4299EB2B1A58ECE800DB15D1 /* mastercard.png */ = {isa = PBXFileReference; lastKnownFileType = image.png; path = mastercard.png; sourceTree = "<group>"; };
		4299EB2C1A58ECE800DB15D1 /* mastercard@2x.png */ = {isa = PBXFileReference; lastKnownFileType = image.png; path = "mastercard@2x.png"; sourceTree = "<group>"; };
		4299EB2D1A58ECE800DB15D1 /* placeholder.png */ = {isa = PBXFileReference; lastKnownFileType = image.png; path = placeholder.png; sourceTree = "<group>"; };
		4299EB2E1A58ECE800DB15D1 /* placeholder@2x.png */ = {isa = PBXFileReference; lastKnownFileType = image.png; path = "placeholder@2x.png"; sourceTree = "<group>"; };
		4299EB2F1A58ECE800DB15D1 /* visa.png */ = {isa = PBXFileReference; lastKnownFileType = image.png; path = visa.png; sourceTree = "<group>"; };
		4299EB301A58ECE800DB15D1 /* visa@2x.png */ = {isa = PBXFileReference; lastKnownFileType = image.png; path = "visa@2x.png"; sourceTree = "<group>"; };
		4299EB311A58ECE800DB15D1 /* gradient@2x.png */ = {isa = PBXFileReference; lastKnownFileType = image.png; path = "gradient@2x.png"; sourceTree = "<group>"; };
		4299EB321A58ECE800DB15D1 /* textfield.png */ = {isa = PBXFileReference; lastKnownFileType = image.png; path = textfield.png; sourceTree = "<group>"; };
		4299EB331A58ECE800DB15D1 /* textfield@2x.png */ = {isa = PBXFileReference; lastKnownFileType = image.png; path = "textfield@2x.png"; sourceTree = "<group>"; };
		4299EB491A58F04D00DB15D1 /* FinishViewController.h */ = {isa = PBXFileReference; fileEncoding = 4; lastKnownFileType = sourcecode.c.h; path = FinishViewController.h; sourceTree = "<group>"; };
		4299EB4A1A58F04D00DB15D1 /* FinishViewController.m */ = {isa = PBXFileReference; fileEncoding = 4; lastKnownFileType = sourcecode.c.objc; path = FinishViewController.m; sourceTree = "<group>"; };
		4299EB4C1A58F36000DB15D1 /* iconConfirmation.png */ = {isa = PBXFileReference; lastKnownFileType = image.png; path = iconConfirmation.png; sourceTree = "<group>"; };
		429CB2E71A72DF24009E37CB /* AccountSettingViewController.h */ = {isa = PBXFileReference; fileEncoding = 4; lastKnownFileType = sourcecode.c.h; path = AccountSettingViewController.h; sourceTree = "<group>"; };
		429CB2E81A72DF24009E37CB /* AccountSettingViewController.m */ = {isa = PBXFileReference; fileEncoding = 4; lastKnownFileType = sourcecode.c.objc; path = AccountSettingViewController.m; sourceTree = "<group>"; };
		42CF7B3E1A85E5C80083DC63 /* PaymentHistoryViewController.h */ = {isa = PBXFileReference; fileEncoding = 4; lastKnownFileType = sourcecode.c.h; path = PaymentHistoryViewController.h; sourceTree = "<group>"; };
		42CF7B3F1A85E5C80083DC63 /* PaymentHistoryViewController.m */ = {isa = PBXFileReference; fileEncoding = 4; lastKnownFileType = sourcecode.c.objc; path = PaymentHistoryViewController.m; sourceTree = "<group>"; };
/* End PBXFileReference section */

/* Begin PBXFrameworksBuildPhase section */
		13A90E251A4D41EF00CCCE1B /* Frameworks */ = {
			isa = PBXFrameworksBuildPhase;
			buildActionMask = 2147483647;
			files = (
				4250ADB11A6B8AA10090D348 /* MediaPlayer.framework in Frameworks */,
				134622771A4DE72200D36682 /* Security.framework in Frameworks */,
				13439B311A4DEFF400DECC9A /* Bolts.framework in Frameworks */,
				13439B321A4DEFF400DECC9A /* Parse.framework in Frameworks */,
				1346227B1A4DE74000D36682 /* Social.framework in Frameworks */,
				134622791A4DE73A00D36682 /* QuartzCore.framework in Frameworks */,
				134622751A4DE71A00D36682 /* SystemConfiguration.framework in Frameworks */,
				134622731A4DE71100D36682 /* MobileCoreServices.framework in Frameworks */,
				134622711A4DE70500D36682 /* Foundation.framework in Frameworks */,
				1346226D1A4DE6D700D36682 /* CFNetwork.framework in Frameworks */,
				134622671A4DE63300D36682 /* Accounts.framework in Frameworks */,
				1346226B1A4DE66F00D36682 /* AudioToolbox.framework in Frameworks */,
				134622691A4DE64400D36682 /* libsqlite3.dylib in Frameworks */,
				134622621A4DE52600D36682 /* UIKit.framework in Frameworks */,
			);
			runOnlyForDeploymentPostprocessing = 0;
		};
		13A90E3E1A4D41EF00CCCE1B /* Frameworks */ = {
			isa = PBXFrameworksBuildPhase;
			buildActionMask = 2147483647;
			files = (
				13439B331A4DF30700DECC9A /* Parse.framework in Frameworks */,
			);
			runOnlyForDeploymentPostprocessing = 0;
		};
/* End PBXFrameworksBuildPhase section */

/* Begin PBXGroup section */
		13439B341A4E040700DECC9A /* Home */ = {
			isa = PBXGroup;
			children = (
				13439B351A4E046900DECC9A /* homeViewController.h */,
				13439B361A4E046900DECC9A /* homeViewController.m */,
			);
			name = Home;
			sourceTree = "<group>";
		};
		134622631A4DE55400D36682 /* Frameworks */ = {
			isa = PBXGroup;
			children = (
				4250ADB01A6B8AA10090D348 /* MediaPlayer.framework */,
				13439B2F1A4DEFF400DECC9A /* Bolts.framework */,
				13439B301A4DEFF400DECC9A /* Parse.framework */,
				1346227A1A4DE74000D36682 /* Social.framework */,
				134622781A4DE73A00D36682 /* QuartzCore.framework */,
				134622761A4DE72200D36682 /* Security.framework */,
				134622741A4DE71A00D36682 /* SystemConfiguration.framework */,
				134622721A4DE71100D36682 /* MobileCoreServices.framework */,
				134622701A4DE70500D36682 /* Foundation.framework */,
				1346226E1A4DE6F700D36682 /* AdSupport.framework */,
				1346226C1A4DE6D700D36682 /* CFNetwork.framework */,
				1346226A1A4DE66F00D36682 /* AudioToolbox.framework */,
				134622681A4DE64400D36682 /* libsqlite3.dylib */,
				134622661A4DE63300D36682 /* Accounts.framework */,
				134622611A4DE52600D36682 /* UIKit.framework */,
			);
			name = Frameworks;
			sourceTree = "<group>";
		};
		13A90E1F1A4D41EF00CCCE1B = {
			isa = PBXGroup;
			children = (
				13A90E2A1A4D41EF00CCCE1B /* Moorgoo */,
				13A90E441A4D41EF00CCCE1B /* MoorgooTests */,
				13A90E291A4D41EF00CCCE1B /* Products */,
				134622631A4DE55400D36682 /* Frameworks */,
			);
			sourceTree = "<group>";
		};
		13A90E291A4D41EF00CCCE1B /* Products */ = {
			isa = PBXGroup;
			children = (
				13A90E281A4D41EF00CCCE1B /* Moorgoo.app */,
				13A90E411A4D41EF00CCCE1B /* MoorgooTests.xctest */,
			);
			name = Products;
			sourceTree = "<group>";
		};
		13A90E2A1A4D41EF00CCCE1B /* Moorgoo */ = {
			isa = PBXGroup;
			children = (
				42CF7B3D1A85E57E0083DC63 /* PaymentHistory */,
				13A90E2F1A4D41EF00CCCE1B /* AppDelegate.h */,
				13A90E301A4D41EF00CCCE1B /* AppDelegate.m */,
				429CB2EA1A72DF39009E37CB /* Account */,
				4250ADAF1A6B87B40090D348 /* Video */,
				4299EA871A58C3BF00DB15D1 /* Vendor */,
				4299EA6A1A56292C00DB15D1 /* NeedTutor */,
				42898D611A54BAA9006E2DBC /* Images */,
				426B82231A5203FC009E30FE /* Tutor */,
				13A90E541A4DD7D400CCCE1B /* Login/Register */,
				13439B341A4E040700DECC9A /* Home */,
				13A90E381A4D41EF00CCCE1B /* Images.xcassets */,
				13A90E351A4D41EF00CCCE1B /* Main.storyboard */,
				13A90E3A1A4D41EF00CCCE1B /* LaunchScreen.xib */,
				13A90E2B1A4D41EF00CCCE1B /* Supporting Files */,
			);
			path = Moorgoo;
			sourceTree = "<group>";
		};
		13A90E2B1A4D41EF00CCCE1B /* Supporting Files */ = {
			isa = PBXGroup;
			children = (
				13A90E2C1A4D41EF00CCCE1B /* Info.plist */,
				13A90E2D1A4D41EF00CCCE1B /* main.m */,
				13439B2E1A4DED7400DECC9A /* PrefixHeader.pch */,
			);
			name = "Supporting Files";
			sourceTree = "<group>";
		};
		13A90E441A4D41EF00CCCE1B /* MoorgooTests */ = {
			isa = PBXGroup;
			children = (
				13A90E471A4D41EF00CCCE1B /* MoorgooTests.m */,
				13A90E451A4D41EF00CCCE1B /* Supporting Files */,
			);
			path = MoorgooTests;
			sourceTree = "<group>";
		};
		13A90E451A4D41EF00CCCE1B /* Supporting Files */ = {
			isa = PBXGroup;
			children = (
				13A90E461A4D41EF00CCCE1B /* Info.plist */,
			);
			name = "Supporting Files";
			sourceTree = "<group>";
		};
		13A90E541A4DD7D400CCCE1B /* Login/Register */ = {
			isa = PBXGroup;
			children = (
				13A90E321A4D41EF00CCCE1B /* LoginViewController.h */,
				13A90E331A4D41EF00CCCE1B /* LoginViewController.m */,
				13A90E511A4DD0E300CCCE1B /* RegisterViewController.h */,
				13A90E521A4DD0E300CCCE1B /* RegisterViewController.m */,
				4292454E1A4F74C8000CA0B7 /* EntranceViewController.h */,
				4292454F1A4F74C8000CA0B7 /* EntranceViewController.m */,
			);
			name = Login/Register;
			sourceTree = "<group>";
		};
		423DA9F81A6C239500EAEE4C /* HCYoutubeParser */ = {
			isa = PBXGroup;
			children = (
				423DA9F91A6C23C000EAEE4C /* HCYoutubeParser.h */,
				423DA9FA1A6C23C000EAEE4C /* HCYoutubeParser.m */,
			);
			name = HCYoutubeParser;
			sourceTree = "<group>";
		};
		4250ADAF1A6B87B40090D348 /* Video */ = {
			isa = PBXGroup;
			children = (
				423DA9F81A6C239500EAEE4C /* HCYoutubeParser */,
				4250ADAC1A6B87A60090D348 /* VideoViewController.h */,
				4250ADAD1A6B87A60090D348 /* VideoViewController.m */,
				4259CE201A6E461300FA5B0A /* ChooseVideoViewController.h */,
				4259CE211A6E461300FA5B0A /* ChooseVideoViewController.m */,
			);
			name = Video;
			sourceTree = "<group>";
		};
		426B82231A5203FC009E30FE /* Tutor */ = {
			isa = PBXGroup;
			children = (
				42898D641A54C5A4006E2DBC /* StaticTutorViewController.h */,
				42898D651A54C5A4006E2DBC /* StaticTutorViewController.m */,
				426B82201A5203EA009E30FE /* ApplyTutorViewController.h */,
				426B82211A5203EA009E30FE /* ApplyTutorViewController.m */,
			);
			name = Tutor;
			sourceTree = "<group>";
		};
		42898D611A54BAA9006E2DBC /* Images */ = {
			isa = PBXGroup;
			children = (
				4299EB191A58EB9100DB15D1 /* creditCardBg.png */,
				4299EB1A1A58EB9100DB15D1 /* creditCardBg@2x.png */,
				4299EB4C1A58F36000DB15D1 /* iconConfirmation.png */,
			);
			name = Images;
			sourceTree = "<group>";
		};
		4299EA6A1A56292C00DB15D1 /* NeedTutor */ = {
			isa = PBXGroup;
			children = (
				4299EA6D1A56295E00DB15D1 /* PickSchoolViewController.h */,
				4299EA6E1A56295E00DB15D1 /* PickSchoolViewController.m */,
				4299EA6B1A56295E00DB15D1 /* PickClassViewController.h */,
				4299EA6C1A56295E00DB15D1 /* PickClassViewController.m */,
				4299EA6F1A56295E00DB15D1 /* PickTimeViewController.h */,
				4299EA701A56295E00DB15D1 /* PickTimeViewController.m */,
				4299EA801A58AA6100DB15D1 /* PaymentViewController.h */,
				4299EA811A58AA6100DB15D1 /* PaymentViewController.m */,
				4299EB491A58F04D00DB15D1 /* FinishViewController.h */,
				4299EB4A1A58F04D00DB15D1 /* FinishViewController.m */,
			);
			name = NeedTutor;
			sourceTree = "<group>";
		};
		4299EA871A58C3BF00DB15D1 /* Vendor */ = {
			isa = PBXGroup;
			children = (
				4299EA881A58C3D700DB15D1 /* Checkout */,
				4299EAC01A58C3D700DB15D1 /* MBProgressHUD */,
			);
			name = Vendor;
			sourceTree = "<group>";
		};
		4299EA881A58C3D700DB15D1 /* Checkout */ = {
			isa = PBXGroup;
			children = (
				4299EA891A58C3D700DB15D1 /* STPCheckoutView.h */,
				4299EA8A1A58C3D700DB15D1 /* STPCheckoutView.m */,
				4299EA8B1A58C3D700DB15D1 /* Vendor */,
			);
			path = Checkout;
			sourceTree = "<group>";
		};
		4299EA8B1A58C3D700DB15D1 /* Vendor */ = {
			isa = PBXGroup;
			children = (
				4299EAFC1A58CAE600DB15D1 /* PaymentKit */,
				4299EAE51A58CA4800DB15D1 /* Stripe */,
			);
			path = Vendor;
			sourceTree = "<group>";
		};
		4299EAC01A58C3D700DB15D1 /* MBProgressHUD */ = {
			isa = PBXGroup;
			children = (
				4299EAC11A58C3D700DB15D1 /* MBProgressHUD.h */,
				4299EAC21A58C3D700DB15D1 /* MBProgressHUD.m */,
			);
			path = MBProgressHUD;
			sourceTree = "<group>";
		};
		4299EAE51A58CA4800DB15D1 /* Stripe */ = {
			isa = PBXGroup;
			children = (
				4299EAE61A58CA5500DB15D1 /* STPAPIConnection.h */,
				4299EAE71A58CA5500DB15D1 /* STPAPIConnection.m */,
				4299EAE81A58CA5500DB15D1 /* STPBankAccount.h */,
				4299EAE91A58CA5500DB15D1 /* STPBankAccount.m */,
				4299EAEA1A58CA5500DB15D1 /* STPCard.h */,
				4299EAEB1A58CA5500DB15D1 /* STPCard.m */,
				4299EAEC1A58CA5500DB15D1 /* STPFormEncodeProtocol.h */,
				4299EAED1A58CA5500DB15D1 /* STPToken.h */,
				4299EAEE1A58CA5500DB15D1 /* STPToken.m */,
				4299EAEF1A58CA5500DB15D1 /* STPUtils.h */,
				4299EAF01A58CA5500DB15D1 /* STPUtils.m */,
				4299EAF11A58CA5500DB15D1 /* Stripe.h */,
				4299EAF21A58CA5500DB15D1 /* Stripe.m */,
				4299EAF31A58CA5500DB15D1 /* StripeError.h */,
				4299EAF41A58CA5500DB15D1 /* StripeError.m */,
			);
			name = Stripe;
			sourceTree = "<group>";
		};
		4299EAFC1A58CAE600DB15D1 /* PaymentKit */ = {
			isa = PBXGroup;
			children = (
				4299EB1D1A58ECDA00DB15D1 /* Resources */,
				4299EAFD1A58CAFA00DB15D1 /* PTKAddressZip.h */,
				4299EAFE1A58CAFA00DB15D1 /* PTKAddressZip.m */,
				4299EAFF1A58CAFA00DB15D1 /* PTKCard.h */,
				4299EB001A58CAFA00DB15D1 /* PTKCard.m */,
				4299EB011A58CAFA00DB15D1 /* PTKCardCVC.h */,
				4299EB021A58CAFA00DB15D1 /* PTKCardCVC.m */,
				4299EB031A58CAFA00DB15D1 /* PTKCardExpiry.h */,
				4299EB041A58CAFA00DB15D1 /* PTKCardExpiry.m */,
				4299EB051A58CAFA00DB15D1 /* PTKCardNumber.h */,
				4299EB061A58CAFA00DB15D1 /* PTKCardNumber.m */,
				4299EB071A58CAFA00DB15D1 /* PTKCardType.h */,
				4299EB081A58CAFA00DB15D1 /* PTKComponent.h */,
				4299EB091A58CAFA00DB15D1 /* PTKComponent.m */,
				4299EB0A1A58CAFA00DB15D1 /* PTKTextField.h */,
				4299EB0B1A58CAFA00DB15D1 /* PTKTextField.m */,
				4299EB0C1A58CAFA00DB15D1 /* PTKUSAddressZip.h */,
				4299EB0D1A58CAFA00DB15D1 /* PTKUSAddressZip.m */,
				4299EB0E1A58CAFA00DB15D1 /* PTKView.h */,
				4299EB0F1A58CAFA00DB15D1 /* PTKView.m */,
			);
			name = PaymentKit;
			sourceTree = "<group>";
		};
		4299EB1D1A58ECDA00DB15D1 /* Resources */ = {
			isa = PBXGroup;
			children = (
				4299EB1E1A58ECE800DB15D1 /* Cards */,
				4299EB311A58ECE800DB15D1 /* gradient@2x.png */,
				4299EB321A58ECE800DB15D1 /* textfield.png */,
				4299EB331A58ECE800DB15D1 /* textfield@2x.png */,
			);
			name = Resources;
			sourceTree = "<group>";
		};
		4299EB1E1A58ECE800DB15D1 /* Cards */ = {
			isa = PBXGroup;
			children = (
				4299EB1F1A58ECE800DB15D1 /* amex.png */,
				4299EB201A58ECE800DB15D1 /* amex@2x.png */,
				4299EB211A58ECE800DB15D1 /* cvc-amex.png */,
				4299EB221A58ECE800DB15D1 /* cvc-amex@2x.png */,
				4299EB231A58ECE800DB15D1 /* cvc.png */,
				4299EB241A58ECE800DB15D1 /* cvc@2x.png */,
				4299EB251A58ECE800DB15D1 /* diners.png */,
				4299EB261A58ECE800DB15D1 /* diners@2x.png */,
				4299EB271A58ECE800DB15D1 /* discover.png */,
				4299EB281A58ECE800DB15D1 /* discover@2x.png */,
				4299EB291A58ECE800DB15D1 /* jcb.png */,
				4299EB2A1A58ECE800DB15D1 /* jcb@2x.png */,
				4299EB2B1A58ECE800DB15D1 /* mastercard.png */,
				4299EB2C1A58ECE800DB15D1 /* mastercard@2x.png */,
				4299EB2D1A58ECE800DB15D1 /* placeholder.png */,
				4299EB2E1A58ECE800DB15D1 /* placeholder@2x.png */,
				4299EB2F1A58ECE800DB15D1 /* visa.png */,
				4299EB301A58ECE800DB15D1 /* visa@2x.png */,
			);
			path = Cards;
			sourceTree = "<group>";
		};
		429CB2EA1A72DF39009E37CB /* Account */ = {
			isa = PBXGroup;
			children = (
				429CB2E71A72DF24009E37CB /* AccountSettingViewController.h */,
				429CB2E81A72DF24009E37CB /* AccountSettingViewController.m */,
				426725EB1A75C75C00168A26 /* passwordResetViewController.h */,
				426725EC1A75C75C00168A26 /* passwordResetViewController.m */,
			);
			name = Account;
			sourceTree = "<group>";
		};
		42CF7B3D1A85E57E0083DC63 /* PaymentHistory */ = {
			isa = PBXGroup;
			children = (
				42CF7B3E1A85E5C80083DC63 /* PaymentHistoryViewController.h */,
				42CF7B3F1A85E5C80083DC63 /* PaymentHistoryViewController.m */,
			);
			name = PaymentHistory;
			sourceTree = "<group>";
		};
/* End PBXGroup section */

/* Begin PBXNativeTarget section */
		13A90E271A4D41EF00CCCE1B /* Moorgoo */ = {
			isa = PBXNativeTarget;
			buildConfigurationList = 13A90E4B1A4D41EF00CCCE1B /* Build configuration list for PBXNativeTarget "Moorgoo" */;
			buildPhases = (
				13A90E241A4D41EF00CCCE1B /* Sources */,
				13A90E251A4D41EF00CCCE1B /* Frameworks */,
				13A90E261A4D41EF00CCCE1B /* Resources */,
			);
			buildRules = (
			);
			dependencies = (
			);
			name = Moorgoo;
			productName = Moorgoo;
			productReference = 13A90E281A4D41EF00CCCE1B /* Moorgoo.app */;
			productType = "com.apple.product-type.application";
		};
		13A90E401A4D41EF00CCCE1B /* MoorgooTests */ = {
			isa = PBXNativeTarget;
			buildConfigurationList = 13A90E4E1A4D41EF00CCCE1B /* Build configuration list for PBXNativeTarget "MoorgooTests" */;
			buildPhases = (
				13A90E3D1A4D41EF00CCCE1B /* Sources */,
				13A90E3E1A4D41EF00CCCE1B /* Frameworks */,
				13A90E3F1A4D41EF00CCCE1B /* Resources */,
			);
			buildRules = (
			);
			dependencies = (
				13A90E431A4D41EF00CCCE1B /* PBXTargetDependency */,
			);
			name = MoorgooTests;
			productName = MoorgooTests;
			productReference = 13A90E411A4D41EF00CCCE1B /* MoorgooTests.xctest */;
			productType = "com.apple.product-type.bundle.unit-test";
		};
/* End PBXNativeTarget section */

/* Begin PBXProject section */
		13A90E201A4D41EF00CCCE1B /* Project object */ = {
			isa = PBXProject;
			attributes = {
				LastUpgradeCheck = 0610;
				ORGANIZATIONNAME = Moorgoo;
				TargetAttributes = {
					13A90E271A4D41EF00CCCE1B = {
						CreatedOnToolsVersion = 6.1.1;
						DevelopmentTeam = 45EUJ954BC;
					};
					13A90E401A4D41EF00CCCE1B = {
						CreatedOnToolsVersion = 6.1.1;
						DevelopmentTeam = 45EUJ954BC;
						TestTargetID = 13A90E271A4D41EF00CCCE1B;
					};
				};
			};
			buildConfigurationList = 13A90E231A4D41EF00CCCE1B /* Build configuration list for PBXProject "Moorgoo" */;
			compatibilityVersion = "Xcode 3.2";
			developmentRegion = English;
			hasScannedForEncodings = 0;
			knownRegions = (
				en,
				Base,
			);
			mainGroup = 13A90E1F1A4D41EF00CCCE1B;
			productRefGroup = 13A90E291A4D41EF00CCCE1B /* Products */;
			projectDirPath = "";
			projectRoot = "";
			targets = (
				13A90E271A4D41EF00CCCE1B /* Moorgoo */,
				13A90E401A4D41EF00CCCE1B /* MoorgooTests */,
			);
		};
/* End PBXProject section */

/* Begin PBXResourcesBuildPhase section */
		13A90E261A4D41EF00CCCE1B /* Resources */ = {
			isa = PBXResourcesBuildPhase;
			buildActionMask = 2147483647;
			files = (
				4299EB1B1A58EB9100DB15D1 /* creditCardBg.png in Resources */,
				13A90E371A4D41EF00CCCE1B /* Main.storyboard in Resources */,
				4299EB481A58ECE800DB15D1 /* textfield@2x.png in Resources */,
				4299EB1C1A58EB9100DB15D1 /* creditCardBg@2x.png in Resources */,
				4299EB3C1A58ECE800DB15D1 /* discover.png in Resources */,
				4299EB4D1A58F36000DB15D1 /* iconConfirmation.png in Resources */,
				4299EB421A58ECE800DB15D1 /* placeholder.png in Resources */,
				4299EB3B1A58ECE800DB15D1 /* diners@2x.png in Resources */,
				4299EB401A58ECE800DB15D1 /* mastercard.png in Resources */,
				4299EB3A1A58ECE800DB15D1 /* diners.png in Resources */,
				4299EB441A58ECE800DB15D1 /* visa.png in Resources */,
				4299EB391A58ECE800DB15D1 /* cvc@2x.png in Resources */,
				4299EB381A58ECE800DB15D1 /* cvc.png in Resources */,
				4299EB471A58ECE800DB15D1 /* textfield.png in Resources */,
				4299EB451A58ECE800DB15D1 /* visa@2x.png in Resources */,
				4299EB351A58ECE800DB15D1 /* amex@2x.png in Resources */,
				4299EB371A58ECE800DB15D1 /* cvc-amex@2x.png in Resources */,
				4299EB431A58ECE800DB15D1 /* placeholder@2x.png in Resources */,
				4299EB461A58ECE800DB15D1 /* gradient@2x.png in Resources */,
				4299EB3F1A58ECE800DB15D1 /* jcb@2x.png in Resources */,
				4299EB411A58ECE800DB15D1 /* mastercard@2x.png in Resources */,
				4299EB3E1A58ECE800DB15D1 /* jcb.png in Resources */,
				13A90E3C1A4D41EF00CCCE1B /* LaunchScreen.xib in Resources */,
				4299EB3D1A58ECE800DB15D1 /* discover@2x.png in Resources */,
				4299EB341A58ECE800DB15D1 /* amex.png in Resources */,
				4299EB361A58ECE800DB15D1 /* cvc-amex.png in Resources */,
				13A90E391A4D41EF00CCCE1B /* Images.xcassets in Resources */,
			);
			runOnlyForDeploymentPostprocessing = 0;
		};
		13A90E3F1A4D41EF00CCCE1B /* Resources */ = {
			isa = PBXResourcesBuildPhase;
			buildActionMask = 2147483647;
			files = (
			);
			runOnlyForDeploymentPostprocessing = 0;
		};
/* End PBXResourcesBuildPhase section */

/* Begin PBXSourcesBuildPhase section */
		13A90E241A4D41EF00CCCE1B /* Sources */ = {
			isa = PBXSourcesBuildPhase;
			buildActionMask = 2147483647;
			files = (
				4299EAC31A58C3D700DB15D1 /* STPCheckoutView.m in Sources */,
				4299EAF51A58CA5500DB15D1 /* STPAPIConnection.m in Sources */,
				13A90E341A4D41EF00CCCE1B /* LoginViewController.m in Sources */,
				4299EB131A58CAFA00DB15D1 /* PTKCardExpiry.m in Sources */,
				423DA9FB1A6C23C000EAEE4C /* HCYoutubeParser.m in Sources */,
				4299EAFB1A58CA5500DB15D1 /* StripeError.m in Sources */,
				4299EB121A58CAFA00DB15D1 /* PTKCardCVC.m in Sources */,
				4250ADAE1A6B87A60090D348 /* VideoViewController.m in Sources */,
				42CF7B401A85E5C80083DC63 /* PaymentHistoryViewController.m in Sources */,
				4299EB101A58CAFA00DB15D1 /* PTKAddressZip.m in Sources */,
				4259CE221A6E461300FA5B0A /* ChooseVideoViewController.m in Sources */,
				4299EB4B1A58F04D00DB15D1 /* FinishViewController.m in Sources */,
				4299EAF91A58CA5500DB15D1 /* STPUtils.m in Sources */,
				13A90E311A4D41EF00CCCE1B /* AppDelegate.m in Sources */,
				4299EB161A58CAFA00DB15D1 /* PTKTextField.m in Sources */,
				4299EB181A58CAFA00DB15D1 /* PTKView.m in Sources */,
				429245501A4F74C8000CA0B7 /* EntranceViewController.m in Sources */,
				4299EB171A58CAFA00DB15D1 /* PTKUSAddressZip.m in Sources */,
				426725ED1A75C75C00168A26 /* passwordResetViewController.m in Sources */,
				4299EB141A58CAFA00DB15D1 /* PTKCardNumber.m in Sources */,
				4299EAF71A58CA5500DB15D1 /* STPCard.m in Sources */,
				4299EA821A58AA6100DB15D1 /* PaymentViewController.m in Sources */,
				4299EAF61A58CA5500DB15D1 /* STPBankAccount.m in Sources */,
				429CB2E91A72DF24009E37CB /* AccountSettingViewController.m in Sources */,
				4299EAF81A58CA5500DB15D1 /* STPToken.m in Sources */,
				4299EA721A56295E00DB15D1 /* PickSchoolViewController.m in Sources */,
				4299EA711A56295E00DB15D1 /* PickClassViewController.m in Sources */,
				42898D661A54C5A4006E2DBC /* StaticTutorViewController.m in Sources */,
				4299EAFA1A58CA5500DB15D1 /* Stripe.m in Sources */,
				13A90E2E1A4D41EF00CCCE1B /* main.m in Sources */,
				4299EB151A58CAFA00DB15D1 /* PTKComponent.m in Sources */,
				426B82221A5203EA009E30FE /* ApplyTutorViewController.m in Sources */,
				13439B371A4E046900DECC9A /* homeViewController.m in Sources */,
				4299EA731A56295E00DB15D1 /* PickTimeViewController.m in Sources */,
				4299EB111A58CAFA00DB15D1 /* PTKCard.m in Sources */,
				13A90E531A4DD0E300CCCE1B /* RegisterViewController.m in Sources */,
				4299EAE41A58C3D700DB15D1 /* MBProgressHUD.m in Sources */,
			);
			runOnlyForDeploymentPostprocessing = 0;
		};
		13A90E3D1A4D41EF00CCCE1B /* Sources */ = {
			isa = PBXSourcesBuildPhase;
			buildActionMask = 2147483647;
			files = (
				13A90E481A4D41EF00CCCE1B /* MoorgooTests.m in Sources */,
			);
			runOnlyForDeploymentPostprocessing = 0;
		};
/* End PBXSourcesBuildPhase section */

/* Begin PBXTargetDependency section */
		13A90E431A4D41EF00CCCE1B /* PBXTargetDependency */ = {
			isa = PBXTargetDependency;
			target = 13A90E271A4D41EF00CCCE1B /* Moorgoo */;
			targetProxy = 13A90E421A4D41EF00CCCE1B /* PBXContainerItemProxy */;
		};
/* End PBXTargetDependency section */

/* Begin PBXVariantGroup section */
		13A90E351A4D41EF00CCCE1B /* Main.storyboard */ = {
			isa = PBXVariantGroup;
			children = (
				13A90E361A4D41EF00CCCE1B /* Base */,
			);
			name = Main.storyboard;
			sourceTree = "<group>";
		};
		13A90E3A1A4D41EF00CCCE1B /* LaunchScreen.xib */ = {
			isa = PBXVariantGroup;
			children = (
				13A90E3B1A4D41EF00CCCE1B /* Base */,
			);
			name = LaunchScreen.xib;
			sourceTree = "<group>";
		};
/* End PBXVariantGroup section */

/* Begin XCBuildConfiguration section */
		13A90E491A4D41EF00CCCE1B /* Debug */ = {
			isa = XCBuildConfiguration;
			buildSettings = {
				ALWAYS_SEARCH_USER_PATHS = NO;
				CLANG_CXX_LANGUAGE_STANDARD = "gnu++0x";
				CLANG_CXX_LIBRARY = "libc++";
				CLANG_ENABLE_MODULES = YES;
				CLANG_ENABLE_OBJC_ARC = YES;
				CLANG_WARN_BOOL_CONVERSION = YES;
				CLANG_WARN_CONSTANT_CONVERSION = YES;
				CLANG_WARN_DIRECT_OBJC_ISA_USAGE = YES_ERROR;
				CLANG_WARN_EMPTY_BODY = YES;
				CLANG_WARN_ENUM_CONVERSION = YES;
				CLANG_WARN_INT_CONVERSION = YES;
				CLANG_WARN_OBJC_ROOT_CLASS = YES_ERROR;
				CLANG_WARN_UNREACHABLE_CODE = YES;
				CLANG_WARN__DUPLICATE_METHOD_MATCH = YES;
				"CODE_SIGN_IDENTITY[sdk=iphoneos*]" = "iPhone Developer";
				COPY_PHASE_STRIP = NO;
				ENABLE_STRICT_OBJC_MSGSEND = YES;
				FRAMEWORK_SEARCH_PATHS = "$(PROJECT_DIR)";
				GCC_C_LANGUAGE_STANDARD = gnu99;
				GCC_DYNAMIC_NO_PIC = NO;
				GCC_OPTIMIZATION_LEVEL = 0;
				GCC_PREFIX_HEADER = "$(PROJECT_DIR)/Moorgoo/PrefixHeader.pch";
				GCC_PREPROCESSOR_DEFINITIONS = (
					"DEBUG=1",
					"$(inherited)",
				);
				GCC_SYMBOLS_PRIVATE_EXTERN = NO;
				GCC_WARN_64_TO_32_BIT_CONVERSION = YES;
				GCC_WARN_ABOUT_RETURN_TYPE = YES_ERROR;
				GCC_WARN_UNDECLARED_SELECTOR = YES;
				GCC_WARN_UNINITIALIZED_AUTOS = YES_AGGRESSIVE;
				GCC_WARN_UNUSED_FUNCTION = YES;
				GCC_WARN_UNUSED_VARIABLE = YES;
				IPHONEOS_DEPLOYMENT_TARGET = 7.0;
				MTL_ENABLE_DEBUG_INFO = YES;
				ONLY_ACTIVE_ARCH = YES;
				SDKROOT = iphoneos;
			};
			name = Debug;
		};
		13A90E4A1A4D41EF00CCCE1B /* Release */ = {
			isa = XCBuildConfiguration;
			buildSettings = {
				ALWAYS_SEARCH_USER_PATHS = NO;
				CLANG_CXX_LANGUAGE_STANDARD = "gnu++0x";
				CLANG_CXX_LIBRARY = "libc++";
				CLANG_ENABLE_MODULES = YES;
				CLANG_ENABLE_OBJC_ARC = YES;
				CLANG_WARN_BOOL_CONVERSION = YES;
				CLANG_WARN_CONSTANT_CONVERSION = YES;
				CLANG_WARN_DIRECT_OBJC_ISA_USAGE = YES_ERROR;
				CLANG_WARN_EMPTY_BODY = YES;
				CLANG_WARN_ENUM_CONVERSION = YES;
				CLANG_WARN_INT_CONVERSION = YES;
				CLANG_WARN_OBJC_ROOT_CLASS = YES_ERROR;
				CLANG_WARN_UNREACHABLE_CODE = YES;
				CLANG_WARN__DUPLICATE_METHOD_MATCH = YES;
				"CODE_SIGN_IDENTITY[sdk=iphoneos*]" = "iPhone Developer";
				COPY_PHASE_STRIP = YES;
				ENABLE_NS_ASSERTIONS = NO;
				ENABLE_STRICT_OBJC_MSGSEND = YES;
				FRAMEWORK_SEARCH_PATHS = "$(PROJECT_DIR)";
				GCC_C_LANGUAGE_STANDARD = gnu99;
				GCC_PREFIX_HEADER = "$(PROJECT_DIR)/Moorgoo/PrefixHeader.pch";
				GCC_WARN_64_TO_32_BIT_CONVERSION = YES;
				GCC_WARN_ABOUT_RETURN_TYPE = YES_ERROR;
				GCC_WARN_UNDECLARED_SELECTOR = YES;
				GCC_WARN_UNINITIALIZED_AUTOS = YES_AGGRESSIVE;
				GCC_WARN_UNUSED_FUNCTION = YES;
				GCC_WARN_UNUSED_VARIABLE = YES;
				IPHONEOS_DEPLOYMENT_TARGET = 7.0;
				MTL_ENABLE_DEBUG_INFO = NO;
				SDKROOT = iphoneos;
				VALIDATE_PRODUCT = YES;
			};
			name = Release;
		};
		13A90E4C1A4D41EF00CCCE1B /* Debug */ = {
			isa = XCBuildConfiguration;
			buildSettings = {
				ASSETCATALOG_COMPILER_APPICON_NAME = AppIcon;
				ASSETCATALOG_COMPILER_LAUNCHIMAGE_NAME = LaunchImage;
				CODE_SIGN_IDENTITY = "iPhone Developer";
				"CODE_SIGN_IDENTITY[sdk=iphoneos*]" = "iPhone Developer";
				FRAMEWORK_SEARCH_PATHS = "$(PROJECT_DIR)";
				INFOPLIST_FILE = Moorgoo/Info.plist;
				IPHONEOS_DEPLOYMENT_TARGET = 7.1;
				LD_RUNPATH_SEARCH_PATHS = "$(inherited) @executable_path/Frameworks";
				PRODUCT_NAME = "$(TARGET_NAME)";
				PROVISIONING_PROFILE = "";
				TARGETED_DEVICE_FAMILY = 1;
			};
			name = Debug;
		};
		13A90E4D1A4D41EF00CCCE1B /* Release */ = {
			isa = XCBuildConfiguration;
			buildSettings = {
				ASSETCATALOG_COMPILER_APPICON_NAME = AppIcon;
				ASSETCATALOG_COMPILER_LAUNCHIMAGE_NAME = LaunchImage;
				CODE_SIGN_IDENTITY = "iPhone Developer";
				"CODE_SIGN_IDENTITY[sdk=iphoneos*]" = "iPhone Developer";
				FRAMEWORK_SEARCH_PATHS = "$(PROJECT_DIR)";
				INFOPLIST_FILE = Moorgoo/Info.plist;
				IPHONEOS_DEPLOYMENT_TARGET = 7.1;
				LD_RUNPATH_SEARCH_PATHS = "$(inherited) @executable_path/Frameworks";
				PRODUCT_NAME = "$(TARGET_NAME)";
				PROVISIONING_PROFILE = "";
				TARGETED_DEVICE_FAMILY = 1;
			};
			name = Release;
		};
		13A90E4F1A4D41EF00CCCE1B /* Debug */ = {
			isa = XCBuildConfiguration;
			buildSettings = {
				BUNDLE_LOADER = "$(TEST_HOST)";
				FRAMEWORK_SEARCH_PATHS = "$(PROJECT_DIR)";
				GCC_PREPROCESSOR_DEFINITIONS = (
					"DEBUG=1",
					"$(inherited)",
				);
				INFOPLIST_FILE = MoorgooTests/Info.plist;
				LD_RUNPATH_SEARCH_PATHS = "$(inherited) @executable_path/Frameworks @loader_path/Frameworks";
				PRODUCT_NAME = "$(TARGET_NAME)";
				TEST_HOST = "$(BUILT_PRODUCTS_DIR)/Moorgoo.app/Moorgoo";
			};
			name = Debug;
		};
		13A90E501A4D41EF00CCCE1B /* Release */ = {
			isa = XCBuildConfiguration;
			buildSettings = {
				BUNDLE_LOADER = "$(TEST_HOST)";
				FRAMEWORK_SEARCH_PATHS = "$(PROJECT_DIR)";
				INFOPLIST_FILE = MoorgooTests/Info.plist;
				LD_RUNPATH_SEARCH_PATHS = "$(inherited) @executable_path/Frameworks @loader_path/Frameworks";
				PRODUCT_NAME = "$(TARGET_NAME)";
				TEST_HOST = "$(BUILT_PRODUCTS_DIR)/Moorgoo.app/Moorgoo";
			};
			name = Release;
		};
/* End XCBuildConfiguration section */

/* Begin XCConfigurationList section */
		13A90E231A4D41EF00CCCE1B /* Build configuration list for PBXProject "Moorgoo" */ = {
			isa = XCConfigurationList;
			buildConfigurations = (
				13A90E491A4D41EF00CCCE1B /* Debug */,
				13A90E4A1A4D41EF00CCCE1B /* Release */,
			);
			defaultConfigurationIsVisible = 0;
			defaultConfigurationName = Release;
		};
		13A90E4B1A4D41EF00CCCE1B /* Build configuration list for PBXNativeTarget "Moorgoo" */ = {
			isa = XCConfigurationList;
			buildConfigurations = (
				13A90E4C1A4D41EF00CCCE1B /* Debug */,
				13A90E4D1A4D41EF00CCCE1B /* Release */,
			);
			defaultConfigurationIsVisible = 0;
			defaultConfigurationName = Release;
		};
		13A90E4E1A4D41EF00CCCE1B /* Build configuration list for PBXNativeTarget "MoorgooTests" */ = {
			isa = XCConfigurationList;
			buildConfigurations = (
				13A90E4F1A4D41EF00CCCE1B /* Debug */,
				13A90E501A4D41EF00CCCE1B /* Release */,
			);
			defaultConfigurationIsVisible = 0;
			defaultConfigurationName = Release;
		};
/* End XCConfigurationList section */
	};
	rootObject = 13A90E201A4D41EF00CCCE1B /* Project object */;
}
